
Microsoft Visual Studio Solution File, Format Version 12.00
# Visual Studio Version 16
VisualStudioVersion = 16.0.31205.134
MinimumVisualStudioVersion = 10.0.40219.1
Project("{2150E333-8FDC-42A3-9474-1A3956D46DE8}") = "Lesson1", "Lesson1", "{7EC927DF-CC90-40B8-BEAC-14408B283C14}"
EndProject
Project("{2150E333-8FDC-42A3-9474-1A3956D46DE8}") = "Lesson2", "Lesson2", "{F6C8FCD0-3B10-4D00-933B-59D2EB7DE02F}"
EndProject
Project("{FAE04EC0-301F-11D3-BF4B-00C04F79EFBC}") = "Ex1", "Lesson1\Ex1\Ex1.csproj", "{CFBCB948-472D-4EF6-ACFE-9DF41E475F26}"
EndProject
Project("{FAE04EC0-301F-11D3-BF4B-00C04F79EFBC}") = "Ex2", "Lesson1\Ex2\Ex2.csproj", "{5FABFA78-A5FF-4F5B-B0DF-8DEC69D5EAFC}"
EndProject
Project("{FAE04EC0-301F-11D3-BF4B-00C04F79EFBC}") = "Ex3", "Lesson1\Ex3\Ex3.csproj", "{C4886AC6-D859-4852-A0F3-0F85C4E34379}"
EndProject
Project("{FAE04EC0-301F-11D3-BF4B-00C04F79EFBC}") = "Ex4", "Lesson1\Ex4\Ex4.csproj", "{3E58EE0D-E521-41B0-AC39-8C0DFD28B56B}"
EndProject
Project("{FAE04EC0-301F-11D3-BF4B-00C04F79EFBC}") = "Ex5", "Lesson1\Ex5\Ex5.csproj", "{F99C3048-A802-4B28-A3EF-033880A069E8}"
EndProject
Project("{FAE04EC0-301F-11D3-BF4B-00C04F79EFBC}") = "Ex1", "Lesson2\Ex1\Ex1.csproj", "{1CCC9EAE-D903-4234-8609-AADC870FE21D}"
EndProject
Project("{FAE04EC0-301F-11D3-BF4B-00C04F79EFBC}") = "Ex2", "Lesson2\Ex2\Ex2.csproj", "{E63F8305-D1DF-4D35-9E17-B98DDF7C8940}"
EndProject
Project("{FAE04EC0-301F-11D3-BF4B-00C04F79EFBC}") = "Ex3", "Lesson2\Ex3\Ex3.csproj", "{C8AE0DB4-D0E6-4566-88C9-064DBC879D2B}"
EndProject
Project("{FAE04EC0-301F-11D3-BF4B-00C04F79EFBC}") = "Ex4", "Lesson2\Ex4\Ex4.csproj", "{D8B33546-97B8-4F52-AC28-A3ECB4538E22}"
EndProject
Project("{FAE04EC0-301F-11D3-BF4B-00C04F79EFBC}") = "Ex5", "Lesson2\Ex5\Ex5.csproj", "{1D856722-26DC-42E3-BA8D-AE6044C93A16}"
EndProject
Project("{FAE04EC0-301F-11D3-BF4B-00C04F79EFBC}") = "Ex6", "Lesson1\Ex6\Ex6.csproj", "{5D27D1CB-39F1-4C5A-9B3A-5818E90ED930}"
EndProject
Project("{FAE04EC0-301F-11D3-BF4B-00C04F79EFBC}") = "MyLibrary", "MyLibrary\MyLibrary.csproj", "{EF6665AD-CC37-49B1-BFD7-28AABE045765}"
EndProject
Project("{FAE04EC0-301F-11D3-BF4B-00C04F79EFBC}") = "Ex6", "Lesson2\Ex6\Ex6.csproj", "{5A3677BF-1B68-435B-B4EE-BA3E0831DC69}"
EndProject
Project("{FAE04EC0-301F-11D3-BF4B-00C04F79EFBC}") = "Ex7", "Lesson2\Ex7\Ex7.csproj", "{EE610BA0-CA59-48B4-B72B-A7EC6C49B9AA}"
EndProject
Project("{2150E333-8FDC-42A3-9474-1A3956D46DE8}") = "Lesson3", "Lesson3", "{CA92380F-BBAE-44DE-B668-8BB12C00E795}"
EndProject
Project("{9A19103F-16F7-4668-BE54-9A1E7A4F7556}") = "Ex1", "Lesson3\Ex1\Ex1.csproj", "{EB569F75-32BE-4091-A082-C10D6F15F614}"
EndProject
Project("{9A19103F-16F7-4668-BE54-9A1E7A4F7556}") = "Ex2", "Lesson3\Ex2\Ex2.csproj", "{D750F724-6AE6-409F-91BE-3CA6CE60A7C5}"
EndProject
Project("{2150E333-8FDC-42A3-9474-1A3956D46DE8}") = "Lesson4", "Lesson4", "{9E7FD4CF-FA37-4115-8411-C584EC9E4189}"
EndProject
Project("{9A19103F-16F7-4668-BE54-9A1E7A4F7556}") = "Ex1-2", "Lesson4\Ex1\Ex1-2.csproj", "{D56BA6F1-161D-4549-AA8D-B47986C80D99}"
EndProject
Project("{9A19103F-16F7-4668-BE54-9A1E7A4F7556}") = "Ex3", "Lesson4\Ex3\Ex3.csproj", "{210CF140-EB1F-42BA-8F5F-6BAD5C43F399}"
EndProject
Project("{2150E333-8FDC-42A3-9474-1A3956D46DE8}") = "Lesson5", "Lesson5", "{C8BCCE65-DBAE-450F-9114-E2DA11ECC196}"
EndProject
Project("{9A19103F-16F7-4668-BE54-9A1E7A4F7556}") = "Ex1", "Lesson5\Ex1\Ex1.csproj", "{886B4002-0595-462D-B135-C5D7693C8F4C}"
EndProject
Project("{9A19103F-16F7-4668-BE54-9A1E7A4F7556}") = "Ex2", "Lesson5\Ex2\Ex2.csproj", "{4D87E9EC-8548-4937-A601-C9FAEA12F90E}"
EndProject
Project("{9A19103F-16F7-4668-BE54-9A1E7A4F7556}") = "Ex3", "Lesson5\Ex3\Ex3.csproj", "{BF6968FA-2A83-4800-87A1-F13C5B15AF2D}"
EndProject
Project("{2150E333-8FDC-42A3-9474-1A3956D46DE8}") = "Lesson6", "Lesson6", "{C079CF19-8BD5-43BB-B563-520DB4B2B15C}"
EndProject
Project("{FAE04EC0-301F-11D3-BF4B-00C04F79EFBC}") = "Ex1", "Lesson6\Ex1\Ex1.csproj", "{3FA31009-4326-45A7-BF55-7B603FE540FB}"
EndProject
Project("{FAE04EC0-301F-11D3-BF4B-00C04F79EFBC}") = "Ex2", "Lesson6\Ex2\Ex2.csproj", "{662F1591-18A3-4BA1-8113-60E22AD980AE}"
EndProject
Project("{FAE04EC0-301F-11D3-BF4B-00C04F79EFBC}") = "Ex3", "Lesson6\Ex3\Ex3.csproj", "{6C3E15F5-FF1E-4626-980B-627855F5B674}"
EndProject
Global
	GlobalSection(SolutionConfigurationPlatforms) = preSolution
		Debug|Any CPU = Debug|Any CPU
		Release|Any CPU = Release|Any CPU
	EndGlobalSection
	GlobalSection(ProjectConfigurationPlatforms) = postSolution
		{CFBCB948-472D-4EF6-ACFE-9DF41E475F26}.Debug|Any CPU.ActiveCfg = Debug|Any CPU
		{CFBCB948-472D-4EF6-ACFE-9DF41E475F26}.Debug|Any CPU.Build.0 = Debug|Any CPU
		{CFBCB948-472D-4EF6-ACFE-9DF41E475F26}.Release|Any CPU.ActiveCfg = Release|Any CPU
		{CFBCB948-472D-4EF6-ACFE-9DF41E475F26}.Release|Any CPU.Build.0 = Release|Any CPU
		{5FABFA78-A5FF-4F5B-B0DF-8DEC69D5EAFC}.Debug|Any CPU.ActiveCfg = Debug|Any CPU
		{5FABFA78-A5FF-4F5B-B0DF-8DEC69D5EAFC}.Debug|Any CPU.Build.0 = Debug|Any CPU
		{5FABFA78-A5FF-4F5B-B0DF-8DEC69D5EAFC}.Release|Any CPU.ActiveCfg = Release|Any CPU
		{5FABFA78-A5FF-4F5B-B0DF-8DEC69D5EAFC}.Release|Any CPU.Build.0 = Release|Any CPU
		{C4886AC6-D859-4852-A0F3-0F85C4E34379}.Debug|Any CPU.ActiveCfg = Debug|Any CPU
		{C4886AC6-D859-4852-A0F3-0F85C4E34379}.Debug|Any CPU.Build.0 = Debug|Any CPU
		{C4886AC6-D859-4852-A0F3-0F85C4E34379}.Release|Any CPU.ActiveCfg = Release|Any CPU
		{C4886AC6-D859-4852-A0F3-0F85C4E34379}.Release|Any CPU.Build.0 = Release|Any CPU
		{3E58EE0D-E521-41B0-AC39-8C0DFD28B56B}.Debug|Any CPU.ActiveCfg = Debug|Any CPU
		{3E58EE0D-E521-41B0-AC39-8C0DFD28B56B}.Debug|Any CPU.Build.0 = Debug|Any CPU
		{3E58EE0D-E521-41B0-AC39-8C0DFD28B56B}.Release|Any CPU.ActiveCfg = Release|Any CPU
		{3E58EE0D-E521-41B0-AC39-8C0DFD28B56B}.Release|Any CPU.Build.0 = Release|Any CPU
		{F99C3048-A802-4B28-A3EF-033880A069E8}.Debug|Any CPU.ActiveCfg = Debug|Any CPU
		{F99C3048-A802-4B28-A3EF-033880A069E8}.Debug|Any CPU.Build.0 = Debug|Any CPU
		{F99C3048-A802-4B28-A3EF-033880A069E8}.Release|Any CPU.ActiveCfg = Release|Any CPU
		{F99C3048-A802-4B28-A3EF-033880A069E8}.Release|Any CPU.Build.0 = Release|Any CPU
		{1CCC9EAE-D903-4234-8609-AADC870FE21D}.Debug|Any CPU.ActiveCfg = Debug|Any CPU
		{1CCC9EAE-D903-4234-8609-AADC870FE21D}.Debug|Any CPU.Build.0 = Debug|Any CPU
		{1CCC9EAE-D903-4234-8609-AADC870FE21D}.Release|Any CPU.ActiveCfg = Release|Any CPU
		{1CCC9EAE-D903-4234-8609-AADC870FE21D}.Release|Any CPU.Build.0 = Release|Any CPU
		{E63F8305-D1DF-4D35-9E17-B98DDF7C8940}.Debug|Any CPU.ActiveCfg = Debug|Any CPU
		{E63F8305-D1DF-4D35-9E17-B98DDF7C8940}.Debug|Any CPU.Build.0 = Debug|Any CPU
		{E63F8305-D1DF-4D35-9E17-B98DDF7C8940}.Release|Any CPU.ActiveCfg = Release|Any CPU
		{E63F8305-D1DF-4D35-9E17-B98DDF7C8940}.Release|Any CPU.Build.0 = Release|Any CPU
		{C8AE0DB4-D0E6-4566-88C9-064DBC879D2B}.Debug|Any CPU.ActiveCfg = Debug|Any CPU
		{C8AE0DB4-D0E6-4566-88C9-064DBC879D2B}.Debug|Any CPU.Build.0 = Debug|Any CPU
		{C8AE0DB4-D0E6-4566-88C9-064DBC879D2B}.Release|Any CPU.ActiveCfg = Release|Any CPU
		{C8AE0DB4-D0E6-4566-88C9-064DBC879D2B}.Release|Any CPU.Build.0 = Release|Any CPU
		{D8B33546-97B8-4F52-AC28-A3ECB4538E22}.Debug|Any CPU.ActiveCfg = Debug|Any CPU
		{D8B33546-97B8-4F52-AC28-A3ECB4538E22}.Debug|Any CPU.Build.0 = Debug|Any CPU
		{D8B33546-97B8-4F52-AC28-A3ECB4538E22}.Release|Any CPU.ActiveCfg = Release|Any CPU
		{D8B33546-97B8-4F52-AC28-A3ECB4538E22}.Release|Any CPU.Build.0 = Release|Any CPU
		{1D856722-26DC-42E3-BA8D-AE6044C93A16}.Debug|Any CPU.ActiveCfg = Debug|Any CPU
		{1D856722-26DC-42E3-BA8D-AE6044C93A16}.Debug|Any CPU.Build.0 = Debug|Any CPU
		{1D856722-26DC-42E3-BA8D-AE6044C93A16}.Release|Any CPU.ActiveCfg = Release|Any CPU
		{1D856722-26DC-42E3-BA8D-AE6044C93A16}.Release|Any CPU.Build.0 = Release|Any CPU
		{5D27D1CB-39F1-4C5A-9B3A-5818E90ED930}.Debug|Any CPU.ActiveCfg = Debug|Any CPU
		{5D27D1CB-39F1-4C5A-9B3A-5818E90ED930}.Debug|Any CPU.Build.0 = Debug|Any CPU
		{5D27D1CB-39F1-4C5A-9B3A-5818E90ED930}.Release|Any CPU.ActiveCfg = Release|Any CPU
		{5D27D1CB-39F1-4C5A-9B3A-5818E90ED930}.Release|Any CPU.Build.0 = Release|Any CPU
		{EF6665AD-CC37-49B1-BFD7-28AABE045765}.Debug|Any CPU.ActiveCfg = Debug|Any CPU
		{EF6665AD-CC37-49B1-BFD7-28AABE045765}.Debug|Any CPU.Build.0 = Debug|Any CPU
		{EF6665AD-CC37-49B1-BFD7-28AABE045765}.Release|Any CPU.ActiveCfg = Release|Any CPU
		{EF6665AD-CC37-49B1-BFD7-28AABE045765}.Release|Any CPU.Build.0 = Release|Any CPU
		{5A3677BF-1B68-435B-B4EE-BA3E0831DC69}.Debug|Any CPU.ActiveCfg = Debug|Any CPU
		{5A3677BF-1B68-435B-B4EE-BA3E0831DC69}.Debug|Any CPU.Build.0 = Debug|Any CPU
		{5A3677BF-1B68-435B-B4EE-BA3E0831DC69}.Release|Any CPU.ActiveCfg = Release|Any CPU
		{5A3677BF-1B68-435B-B4EE-BA3E0831DC69}.Release|Any CPU.Build.0 = Release|Any CPU
		{EE610BA0-CA59-48B4-B72B-A7EC6C49B9AA}.Debug|Any CPU.ActiveCfg = Debug|Any CPU
		{EE610BA0-CA59-48B4-B72B-A7EC6C49B9AA}.Debug|Any CPU.Build.0 = Debug|Any CPU
		{EE610BA0-CA59-48B4-B72B-A7EC6C49B9AA}.Release|Any CPU.ActiveCfg = Release|Any CPU
		{EE610BA0-CA59-48B4-B72B-A7EC6C49B9AA}.Release|Any CPU.Build.0 = Release|Any CPU
		{EB569F75-32BE-4091-A082-C10D6F15F614}.Debug|Any CPU.ActiveCfg = Debug|Any CPU
		{EB569F75-32BE-4091-A082-C10D6F15F614}.Debug|Any CPU.Build.0 = Debug|Any CPU
		{EB569F75-32BE-4091-A082-C10D6F15F614}.Release|Any CPU.ActiveCfg = Release|Any CPU
		{EB569F75-32BE-4091-A082-C10D6F15F614}.Release|Any CPU.Build.0 = Release|Any CPU
		{D750F724-6AE6-409F-91BE-3CA6CE60A7C5}.Debug|Any CPU.ActiveCfg = Debug|Any CPU
		{D750F724-6AE6-409F-91BE-3CA6CE60A7C5}.Debug|Any CPU.Build.0 = Debug|Any CPU
		{D750F724-6AE6-409F-91BE-3CA6CE60A7C5}.Release|Any CPU.ActiveCfg = Release|Any CPU
		{D750F724-6AE6-409F-91BE-3CA6CE60A7C5}.Release|Any CPU.Build.0 = Release|Any CPU
		{D56BA6F1-161D-4549-AA8D-B47986C80D99}.Debug|Any CPU.ActiveCfg = Debug|Any CPU
		{D56BA6F1-161D-4549-AA8D-B47986C80D99}.Debug|Any CPU.Build.0 = Debug|Any CPU
		{D56BA6F1-161D-4549-AA8D-B47986C80D99}.Release|Any CPU.ActiveCfg = Release|Any CPU
		{D56BA6F1-161D-4549-AA8D-B47986C80D99}.Release|Any CPU.Build.0 = Release|Any CPU
		{210CF140-EB1F-42BA-8F5F-6BAD5C43F399}.Debug|Any CPU.ActiveCfg = Debug|Any CPU
		{210CF140-EB1F-42BA-8F5F-6BAD5C43F399}.Debug|Any CPU.Build.0 = Debug|Any CPU
		{210CF140-EB1F-42BA-8F5F-6BAD5C43F399}.Release|Any CPU.ActiveCfg = Release|Any CPU
		{210CF140-EB1F-42BA-8F5F-6BAD5C43F399}.Release|Any CPU.Build.0 = Release|Any CPU
		{886B4002-0595-462D-B135-C5D7693C8F4C}.Debug|Any CPU.ActiveCfg = Debug|Any CPU
		{886B4002-0595-462D-B135-C5D7693C8F4C}.Debug|Any CPU.Build.0 = Debug|Any CPU
		{886B4002-0595-462D-B135-C5D7693C8F4C}.Release|Any CPU.ActiveCfg = Release|Any CPU
		{886B4002-0595-462D-B135-C5D7693C8F4C}.Release|Any CPU.Build.0 = Release|Any CPU
		{4D87E9EC-8548-4937-A601-C9FAEA12F90E}.Debug|Any CPU.ActiveCfg = Debug|Any CPU
		{4D87E9EC-8548-4937-A601-C9FAEA12F90E}.Debug|Any CPU.Build.0 = Debug|Any CPU
		{4D87E9EC-8548-4937-A601-C9FAEA12F90E}.Release|Any CPU.ActiveCfg = Release|Any CPU
		{4D87E9EC-8548-4937-A601-C9FAEA12F90E}.Release|Any CPU.Build.0 = Release|Any CPU
		{BF6968FA-2A83-4800-87A1-F13C5B15AF2D}.Debug|Any CPU.ActiveCfg = Debug|Any CPU
		{BF6968FA-2A83-4800-87A1-F13C5B15AF2D}.Debug|Any CPU.Build.0 = Debug|Any CPU
		{BF6968FA-2A83-4800-87A1-F13C5B15AF2D}.Release|Any CPU.ActiveCfg = Release|Any CPU
		{BF6968FA-2A83-4800-87A1-F13C5B15AF2D}.Release|Any CPU.Build.0 = Release|Any CPU
		{3FA31009-4326-45A7-BF55-7B603FE540FB}.Debug|Any CPU.ActiveCfg = Debug|Any CPU
		{3FA31009-4326-45A7-BF55-7B603FE540FB}.Debug|Any CPU.Build.0 = Debug|Any CPU
		{3FA31009-4326-45A7-BF55-7B603FE540FB}.Release|Any CPU.ActiveCfg = Release|Any CPU
		{3FA31009-4326-45A7-BF55-7B603FE540FB}.Release|Any CPU.Build.0 = Release|Any CPU
		{662F1591-18A3-4BA1-8113-60E22AD980AE}.Debug|Any CPU.ActiveCfg = Debug|Any CPU
		{662F1591-18A3-4BA1-8113-60E22AD980AE}.Debug|Any CPU.Build.0 = Debug|Any CPU
		{662F1591-18A3-4BA1-8113-60E22AD980AE}.Release|Any CPU.ActiveCfg = Release|Any CPU
		{662F1591-18A3-4BA1-8113-60E22AD980AE}.Release|Any CPU.Build.0 = Release|Any CPU
		{6C3E15F5-FF1E-4626-980B-627855F5B674}.Debug|Any CPU.ActiveCfg = Debug|Any CPU
		{6C3E15F5-FF1E-4626-980B-627855F5B674}.Debug|Any CPU.Build.0 = Debug|Any CPU
		{6C3E15F5-FF1E-4626-980B-627855F5B674}.Release|Any CPU.ActiveCfg = Release|Any CPU
		{6C3E15F5-FF1E-4626-980B-627855F5B674}.Release|Any CPU.Build.0 = Release|Any CPU
	EndGlobalSection
	GlobalSection(SolutionProperties) = preSolution
		HideSolutionNode = FALSE
	EndGlobalSection
	GlobalSection(NestedProjects) = preSolution
		{CFBCB948-472D-4EF6-ACFE-9DF41E475F26} = {7EC927DF-CC90-40B8-BEAC-14408B283C14}
		{5FABFA78-A5FF-4F5B-B0DF-8DEC69D5EAFC} = {7EC927DF-CC90-40B8-BEAC-14408B283C14}
		{C4886AC6-D859-4852-A0F3-0F85C4E34379} = {7EC927DF-CC90-40B8-BEAC-14408B283C14}
		{3E58EE0D-E521-41B0-AC39-8C0DFD28B56B} = {7EC927DF-CC90-40B8-BEAC-14408B283C14}
		{F99C3048-A802-4B28-A3EF-033880A069E8} = {7EC927DF-CC90-40B8-BEAC-14408B283C14}
		{1CCC9EAE-D903-4234-8609-AADC870FE21D} = {F6C8FCD0-3B10-4D00-933B-59D2EB7DE02F}
		{E63F8305-D1DF-4D35-9E17-B98DDF7C8940} = {F6C8FCD0-3B10-4D00-933B-59D2EB7DE02F}
		{C8AE0DB4-D0E6-4566-88C9-064DBC879D2B} = {F6C8FCD0-3B10-4D00-933B-59D2EB7DE02F}
		{D8B33546-97B8-4F52-AC28-A3ECB4538E22} = {F6C8FCD0-3B10-4D00-933B-59D2EB7DE02F}
		{1D856722-26DC-42E3-BA8D-AE6044C93A16} = {F6C8FCD0-3B10-4D00-933B-59D2EB7DE02F}
		{5D27D1CB-39F1-4C5A-9B3A-5818E90ED930} = {7EC927DF-CC90-40B8-BEAC-14408B283C14}
		{5A3677BF-1B68-435B-B4EE-BA3E0831DC69} = {F6C8FCD0-3B10-4D00-933B-59D2EB7DE02F}
		{EE610BA0-CA59-48B4-B72B-A7EC6C49B9AA} = {F6C8FCD0-3B10-4D00-933B-59D2EB7DE02F}
		{EB569F75-32BE-4091-A082-C10D6F15F614} = {CA92380F-BBAE-44DE-B668-8BB12C00E795}
		{D750F724-6AE6-409F-91BE-3CA6CE60A7C5} = {CA92380F-BBAE-44DE-B668-8BB12C00E795}
		{D56BA6F1-161D-4549-AA8D-B47986C80D99} = {9E7FD4CF-FA37-4115-8411-C584EC9E4189}
		{210CF140-EB1F-42BA-8F5F-6BAD5C43F399} = {9E7FD4CF-FA37-4115-8411-C584EC9E4189}
		{886B4002-0595-462D-B135-C5D7693C8F4C} = {C8BCCE65-DBAE-450F-9114-E2DA11ECC196}
		{4D87E9EC-8548-4937-A601-C9FAEA12F90E} = {C8BCCE65-DBAE-450F-9114-E2DA11ECC196}
		{BF6968FA-2A83-4800-87A1-F13C5B15AF2D} = {C8BCCE65-DBAE-450F-9114-E2DA11ECC196}
		{3FA31009-4326-45A7-BF55-7B603FE540FB} = {C079CF19-8BD5-43BB-B563-520DB4B2B15C}
		{662F1591-18A3-4BA1-8113-60E22AD980AE} = {C079CF19-8BD5-43BB-B563-520DB4B2B15C}
		{6C3E15F5-FF1E-4626-980B-627855F5B674} = {C079CF19-8BD5-43BB-B563-520DB4B2B15C}
	EndGlobalSection
	GlobalSection(ExtensibilityGlobals) = postSolution
		SolutionGuid = {28F8F500-55ED-4F3C-8EDA-5F4977228579}
	EndGlobalSection
EndGlobal
